
Microsoft Visual Studio Solution File, Format Version 12.00
# Visual Studio Version 16
VisualStudioVersion = 16.0.31321.278
MinimumVisualStudioVersion = 10.0.40219.1
Project("{8BC9CEB8-8B4A-11D0-8D11-00A0C91BC942}") = "Snake", "Snake\Snake.vcxproj", "{BC6EA002-B6FD-4735-AAFE-116490D8D5EF}"
EndProject
Project("{54435603-DBB4-11D2-8724-00A0C9A8B90C}") = "Installer", "Installer\Installer.vdproj", "{2D787DA0-1744-4489-8A0D-95B8799BF6CE}"
EndProject
Global
	GlobalSection(SolutionConfigurationPlatforms) = preSolution
		Debug|x64 = Debug|x64
		Debug|x86 = Debug|x86
		Release|x64 = Release|x64
		Release|x86 = Release|x86
	EndGlobalSection
	GlobalSection(ProjectConfigurationPlatforms) = postSolution
		{BC6EA002-B6FD-4735-AAFE-116490D8D5EF}.Debug|x64.ActiveCfg = Debug|x64
		{BC6EA002-B6FD-4735-AAFE-116490D8D5EF}.Debug|x64.Build.0 = Debug|x64
		{BC6EA002-B6FD-4735-AAFE-116490D8D5EF}.Debug|x86.ActiveCfg = Debug|Win32
		{BC6EA002-B6FD-4735-AAFE-116490D8D5EF}.Debug|x86.Build.0 = Debug|Win32
		{BC6EA002-B6FD-4735-AAFE-116490D8D5EF}.Release|x64.ActiveCfg = Release|x64
		{BC6EA002-B6FD-4735-AAFE-116490D8D5EF}.Release|x64.Build.0 = Release|x64
		{BC6EA002-B6FD-4735-AAFE-116490D8D5EF}.Release|x86.ActiveCfg = Release|Win32
		{BC6EA002-B6FD-4735-AAFE-116490D8D5EF}.Release|x86.Build.0 = Release|Win32
		{2D787DA0-1744-4489-8A0D-95B8799BF6CE}.Debug|x64.ActiveCfg = Debug
		{2D787DA0-1744-4489-8A0D-95B8799BF6CE}.Debug|x86.ActiveCfg = Debug
		{2D787DA0-1744-4489-8A0D-95B8799BF6CE}.Debug|x86.Build.0 = Debug
		{2D787DA0-1744-4489-8A0D-95B8799BF6CE}.Release|x64.ActiveCfg = Release
		{2D787DA0-1744-4489-8A0D-95B8799BF6CE}.Release|x86.ActiveCfg = Release
	EndGlobalSection
	GlobalSection(SolutionProperties) = preSolution
		HideSolutionNode = FALSE
	EndGlobalSection
	GlobalSection(ExtensibilityGlobals) = postSolution
		SolutionGuid = {2EA8C421-4DD0-46F1-9F95-DACC354642B0}
	EndGlobalSection
EndGlobal
